
Microsoft Visual Studio Solution File, Format Version 12.00
# Visual Studio Version 17
VisualStudioVersion = 17.11.35327.3
MinimumVisualStudioVersion = 10.0.40219.1
Project("{9A19103F-16F7-4668-BE54-9A1E7A4F7556}") = "Project.Api", "Project.Api\Project.Api.csproj", "{8B0A1F48-4CB7-4217-B732-11CD962B42A2}"
EndProject
Project("{9A19103F-16F7-4668-BE54-9A1E7A4F7556}") = "Project.Core", "Project.Core\Project.Core.csproj", "{5326A734-8645-45A8-AB5F-068BD6131336}"
EndProject
Project("{9A19103F-16F7-4668-BE54-9A1E7A4F7556}") = "Project.Data", "Project.Data\Project.Data.csproj", "{D292F23E-B8D1-4CD6-81A4-5AC9C7BF3266}"
EndProject
Project("{9A19103F-16F7-4668-BE54-9A1E7A4F7556}") = "Project.Service", "Project.Service\Project.Service.csproj", "{1BC81F59-3AEB-4585-B462-E69F82FA358E}"
EndProject
Global
	GlobalSection(SolutionConfigurationPlatforms) = preSolution
		Debug|Any CPU = Debug|Any CPU
		Release|Any CPU = Release|Any CPU
	EndGlobalSection
	GlobalSection(ProjectConfigurationPlatforms) = postSolution
		{8B0A1F48-4CB7-4217-B732-11CD962B42A2}.Debug|Any CPU.ActiveCfg = Debug|Any CPU
		{8B0A1F48-4CB7-4217-B732-11CD962B42A2}.Debug|Any CPU.Build.0 = Debug|Any CPU
		{8B0A1F48-4CB7-4217-B732-11CD962B42A2}.Release|Any CPU.ActiveCfg = Release|Any CPU
		{8B0A1F48-4CB7-4217-B732-11CD962B42A2}.Release|Any CPU.Build.0 = Release|Any CPU
		{5326A734-8645-45A8-AB5F-068BD6131336}.Debug|Any CPU.ActiveCfg = Debug|Any CPU
		{5326A734-8645-45A8-AB5F-068BD6131336}.Debug|Any CPU.Build.0 = Debug|Any CPU
		{5326A734-8645-45A8-AB5F-068BD6131336}.Release|Any CPU.ActiveCfg = Release|Any CPU
		{5326A734-8645-45A8-AB5F-068BD6131336}.Release|Any CPU.Build.0 = Release|Any CPU
		{D292F23E-B8D1-4CD6-81A4-5AC9C7BF3266}.Debug|Any CPU.ActiveCfg = Debug|Any CPU
		{D292F23E-B8D1-4CD6-81A4-5AC9C7BF3266}.Debug|Any CPU.Build.0 = Debug|Any CPU
		{D292F23E-B8D1-4CD6-81A4-5AC9C7BF3266}.Release|Any CPU.ActiveCfg = Release|Any CPU
		{D292F23E-B8D1-4CD6-81A4-5AC9C7BF3266}.Release|Any CPU.Build.0 = Release|Any CPU
		{1BC81F59-3AEB-4585-B462-E69F82FA358E}.Debug|Any CPU.ActiveCfg = Debug|Any CPU
		{1BC81F59-3AEB-4585-B462-E69F82FA358E}.Debug|Any CPU.Build.0 = Debug|Any CPU
		{1BC81F59-3AEB-4585-B462-E69F82FA358E}.Release|Any CPU.ActiveCfg = Release|Any CPU
		{1BC81F59-3AEB-4585-B462-E69F82FA358E}.Release|Any CPU.Build.0 = Release|Any CPU
	EndGlobalSection
	GlobalSection(SolutionProperties) = preSolution
		HideSolutionNode = FALSE
	EndGlobalSection
	GlobalSection(ExtensibilityGlobals) = postSolution
		SolutionGuid = {553BA522-9969-4A68-A64C-978075BC3FDE}
	EndGlobalSection
EndGlobal
